
Microsoft Visual Studio Solution File, Format Version 12.00
# Visual Studio Version 17
VisualStudioVersion = 17.1.32319.34
MinimumVisualStudioVersion = 10.0.40219.1
Project("{2150E333-8FDC-42A3-9474-1A3956D46DE8}") = "SolutionItems", "SolutionItems", "{53E65C67-FDCE-4B36-9C06-D860686F7A7F}"
	ProjectSection(SolutionItems) = preProject
		azure-pipelines.yml = azure-pipelines.yml
		README.md = README.md
	EndProjectSection
EndProject
Project("{2150E333-8FDC-42A3-9474-1A3956D46DE8}") = "src", "src", "{C1EE98F3-ADB1-4F40-A3D9-9B9EE0D23F53}"
EndProject
Project("{2150E333-8FDC-42A3-9474-1A3956D46DE8}") = "test", "test", "{82C75FB5-D14D-4D42-B94F-0016E514A23A}"
EndProject
Project("{9A19103F-16F7-4668-BE54-9A1E7A4F7556}") = "PtahBuilder.BuildSystem", "src\PtahBuilder.BuildSystem\PtahBuilder.BuildSystem.csproj", "{3F8AAA0F-0CDE-470E-857F-38FD56A6584B}"
EndProject
Project("{9A19103F-16F7-4668-BE54-9A1E7A4F7556}") = "PtahBuilder.Util", "src\PtahBuilder.Util\PtahBuilder.Util.csproj", "{D5FE6812-CA3E-4EB8-83B7-C6D5D5D3AF3D}"
EndProject
Project("{9A19103F-16F7-4668-BE54-9A1E7A4F7556}") = "PtahBuilder.Tests.TestBuilder", "tests\PtahBuilder.Tests.TestBuilder\PtahBuilder.Tests.TestBuilder.csproj", "{8C9E4D88-B9E0-43C2-A1FD-92588F5AC938}"
EndProject
Project("{9A19103F-16F7-4668-BE54-9A1E7A4F7556}") = "PtahBuilder.Generators.ComponentModelDocumentation", "src\PtahBuilder.Generators.ComponentModelDocumentation\PtahBuilder.Generators.ComponentModelDocumentation.csproj", "{9ED55063-DC63-4A65-87F3-5F0DAC671EFD}"
EndProject
Project("{9A19103F-16F7-4668-BE54-9A1E7A4F7556}") = "PtahBuilder.Plugins.Markdown", "src\PtahBuilder.Plugins.Markdown\PtahBuilder.Plugins.Markdown.csproj", "{218AEF05-B7F8-490F-B936-342567D367DA}"
EndProject
Project("{9A19103F-16F7-4668-BE54-9A1E7A4F7556}") = "PtahBuilder.Plugins.CodeGeneration", "src\PtahBuilder.Plugins.CodeGeneration\PtahBuilder.Plugins.CodeGeneration.csproj", "{565C493C-152C-448A-AE72-17A16AF882B1}"
EndProject
Project("{9A19103F-16F7-4668-BE54-9A1E7A4F7556}") = "PtahBuilder.Plugins.NewtonsoftJson", "src\PtahBuilder.Plugins.NewtonsoftJson\PtahBuilder.Plugins.NewtonsoftJson.csproj", "{606011A9-49E3-497A-A2D2-42D8A61969D8}"
EndProject
Global
	GlobalSection(SolutionConfigurationPlatforms) = preSolution
		Debug|Any CPU = Debug|Any CPU
		Release|Any CPU = Release|Any CPU
	EndGlobalSection
	GlobalSection(ProjectConfigurationPlatforms) = postSolution
		{3F8AAA0F-0CDE-470E-857F-38FD56A6584B}.Debug|Any CPU.ActiveCfg = Debug|Any CPU
		{3F8AAA0F-0CDE-470E-857F-38FD56A6584B}.Debug|Any CPU.Build.0 = Debug|Any CPU
		{3F8AAA0F-0CDE-470E-857F-38FD56A6584B}.Release|Any CPU.ActiveCfg = Release|Any CPU
		{3F8AAA0F-0CDE-470E-857F-38FD56A6584B}.Release|Any CPU.Build.0 = Release|Any CPU
		{D5FE6812-CA3E-4EB8-83B7-C6D5D5D3AF3D}.Debug|Any CPU.ActiveCfg = Debug|Any CPU
		{D5FE6812-CA3E-4EB8-83B7-C6D5D5D3AF3D}.Debug|Any CPU.Build.0 = Debug|Any CPU
		{D5FE6812-CA3E-4EB8-83B7-C6D5D5D3AF3D}.Release|Any CPU.ActiveCfg = Release|Any CPU
		{D5FE6812-CA3E-4EB8-83B7-C6D5D5D3AF3D}.Release|Any CPU.Build.0 = Release|Any CPU
		{8C9E4D88-B9E0-43C2-A1FD-92588F5AC938}.Debug|Any CPU.ActiveCfg = Debug|Any CPU
		{8C9E4D88-B9E0-43C2-A1FD-92588F5AC938}.Debug|Any CPU.Build.0 = Debug|Any CPU
		{8C9E4D88-B9E0-43C2-A1FD-92588F5AC938}.Release|Any CPU.ActiveCfg = Release|Any CPU
		{8C9E4D88-B9E0-43C2-A1FD-92588F5AC938}.Release|Any CPU.Build.0 = Release|Any CPU
		{9ED55063-DC63-4A65-87F3-5F0DAC671EFD}.Debug|Any CPU.ActiveCfg = Debug|Any CPU
		{9ED55063-DC63-4A65-87F3-5F0DAC671EFD}.Debug|Any CPU.Build.0 = Debug|Any CPU
		{9ED55063-DC63-4A65-87F3-5F0DAC671EFD}.Release|Any CPU.ActiveCfg = Release|Any CPU
		{9ED55063-DC63-4A65-87F3-5F0DAC671EFD}.Release|Any CPU.Build.0 = Release|Any CPU
		{218AEF05-B7F8-490F-B936-342567D367DA}.Debug|Any CPU.ActiveCfg = Debug|Any CPU
		{218AEF05-B7F8-490F-B936-342567D367DA}.Debug|Any CPU.Build.0 = Debug|Any CPU
		{218AEF05-B7F8-490F-B936-342567D367DA}.Release|Any CPU.ActiveCfg = Release|Any CPU
		{218AEF05-B7F8-490F-B936-342567D367DA}.Release|Any CPU.Build.0 = Release|Any CPU
		{565C493C-152C-448A-AE72-17A16AF882B1}.Debug|Any CPU.ActiveCfg = Debug|Any CPU
		{565C493C-152C-448A-AE72-17A16AF882B1}.Debug|Any CPU.Build.0 = Debug|Any CPU
		{565C493C-152C-448A-AE72-17A16AF882B1}.Release|Any CPU.ActiveCfg = Release|Any CPU
		{565C493C-152C-448A-AE72-17A16AF882B1}.Release|Any CPU.Build.0 = Release|Any CPU
		{606011A9-49E3-497A-A2D2-42D8A61969D8}.Debug|Any CPU.ActiveCfg = Debug|Any CPU
		{606011A9-49E3-497A-A2D2-42D8A61969D8}.Debug|Any CPU.Build.0 = Debug|Any CPU
		{606011A9-49E3-497A-A2D2-42D8A61969D8}.Release|Any CPU.ActiveCfg = Release|Any CPU
		{606011A9-49E3-497A-A2D2-42D8A61969D8}.Release|Any CPU.Build.0 = Release|Any CPU
	EndGlobalSection
	GlobalSection(SolutionProperties) = preSolution
		HideSolutionNode = FALSE
	EndGlobalSection
	GlobalSection(NestedProjects) = preSolution
		{3F8AAA0F-0CDE-470E-857F-38FD56A6584B} = {C1EE98F3-ADB1-4F40-A3D9-9B9EE0D23F53}
		{D5FE6812-CA3E-4EB8-83B7-C6D5D5D3AF3D} = {C1EE98F3-ADB1-4F40-A3D9-9B9EE0D23F53}
		{8C9E4D88-B9E0-43C2-A1FD-92588F5AC938} = {82C75FB5-D14D-4D42-B94F-0016E514A23A}
		{9ED55063-DC63-4A65-87F3-5F0DAC671EFD} = {C1EE98F3-ADB1-4F40-A3D9-9B9EE0D23F53}
		{218AEF05-B7F8-490F-B936-342567D367DA} = {C1EE98F3-ADB1-4F40-A3D9-9B9EE0D23F53}
		{565C493C-152C-448A-AE72-17A16AF882B1} = {C1EE98F3-ADB1-4F40-A3D9-9B9EE0D23F53}
		{606011A9-49E3-497A-A2D2-42D8A61969D8} = {C1EE98F3-ADB1-4F40-A3D9-9B9EE0D23F53}
	EndGlobalSection
	GlobalSection(ExtensibilityGlobals) = postSolution
		SolutionGuid = {BDC82931-BAE5-4F2B-8064-D1697C570B37}
	EndGlobalSection
EndGlobal
