
Microsoft Visual Studio Solution File, Format Version 12.00
# Visual Studio Version 17
VisualStudioVersion = 17.1.32319.34
MinimumVisualStudioVersion = 10.0.40219.1
Project("{9A19103F-16F7-4668-BE54-9A1E7A4F7556}") = "PtahBuilder.CodeGeneration", "PtahBuilder.CodeGeneration\PtahBuilder.CodeGeneration.csproj", "{19A62AE5-CF1F-44DA-981B-819A7D3762FA}"
EndProject
Project("{2150E333-8FDC-42A3-9474-1A3956D46DE8}") = "SolutionItems", "SolutionItems", "{53E65C67-FDCE-4B36-9C06-D860686F7A7F}"
	ProjectSection(SolutionItems) = preProject
		azure-pipelines.yml = azure-pipelines.yml
	EndProjectSection
EndProject
Project("{2150E333-8FDC-42A3-9474-1A3956D46DE8}") = "src", "src", "{C1EE98F3-ADB1-4F40-A3D9-9B9EE0D23F53}"
EndProject
Project("{2150E333-8FDC-42A3-9474-1A3956D46DE8}") = "test", "test", "{82C75FB5-D14D-4D42-B94F-0016E514A23A}"
EndProject
Project("{9A19103F-16F7-4668-BE54-9A1E7A4F7556}") = "PtahBuilder.LegacyBuildSystem", "PtahBuilder.LegacyBuildSystem\PtahBuilder.LegacyBuildSystem.csproj", "{57E26168-9F3E-407C-951B-4B9675CFC174}"
EndProject
Project("{FAE04EC0-301F-11D3-BF4B-00C04F79EFBC}") = "PtahBuilder.BuildSystem", "PtahBuilder.BuildSystem\PtahBuilder.BuildSystem.csproj", "{DDB36C2C-1415-464B-B8B6-572FE2FAE913}"
EndProject
Project("{FAE04EC0-301F-11D3-BF4B-00C04F79EFBC}") = "PtahBuilder.Tests.TestBuilder", "PtahBuilder.Tests.TestBuilder\PtahBuilder.Tests.TestBuilder.csproj", "{83DB1959-E883-4037-A4AF-402062657299}"
EndProject
Project("{9A19103F-16F7-4668-BE54-9A1E7A4F7556}") = "PtahBuilder.Tests.LegacyTestBuilder", "PtahBuilder.Tests.LegacyTestBuilder\PtahBuilder.Tests.LegacyTestBuilder.csproj", "{1070C069-6991-4D6D-ADA0-711D64AC3EC9}"
EndProject
Project("{FAE04EC0-301F-11D3-BF4B-00C04F79EFBC}") = "PtahBuilder.Util", "PtahBuilder.Util\PtahBuilder.Util.csproj", "{9AD2EB3B-8384-42B8-AFC8-C8F4DE047D7E}"
EndProject
Global
	GlobalSection(SolutionConfigurationPlatforms) = preSolution
		Debug|Any CPU = Debug|Any CPU
		Release|Any CPU = Release|Any CPU
	EndGlobalSection
	GlobalSection(ProjectConfigurationPlatforms) = postSolution
		{19A62AE5-CF1F-44DA-981B-819A7D3762FA}.Debug|Any CPU.ActiveCfg = Debug|Any CPU
		{19A62AE5-CF1F-44DA-981B-819A7D3762FA}.Debug|Any CPU.Build.0 = Debug|Any CPU
		{19A62AE5-CF1F-44DA-981B-819A7D3762FA}.Release|Any CPU.ActiveCfg = Release|Any CPU
		{19A62AE5-CF1F-44DA-981B-819A7D3762FA}.Release|Any CPU.Build.0 = Release|Any CPU
		{57E26168-9F3E-407C-951B-4B9675CFC174}.Debug|Any CPU.ActiveCfg = Debug|Any CPU
		{57E26168-9F3E-407C-951B-4B9675CFC174}.Debug|Any CPU.Build.0 = Debug|Any CPU
		{57E26168-9F3E-407C-951B-4B9675CFC174}.Release|Any CPU.ActiveCfg = Release|Any CPU
		{57E26168-9F3E-407C-951B-4B9675CFC174}.Release|Any CPU.Build.0 = Release|Any CPU
		{DDB36C2C-1415-464B-B8B6-572FE2FAE913}.Debug|Any CPU.ActiveCfg = Debug|Any CPU
		{DDB36C2C-1415-464B-B8B6-572FE2FAE913}.Debug|Any CPU.Build.0 = Debug|Any CPU
		{DDB36C2C-1415-464B-B8B6-572FE2FAE913}.Release|Any CPU.ActiveCfg = Release|Any CPU
		{DDB36C2C-1415-464B-B8B6-572FE2FAE913}.Release|Any CPU.Build.0 = Release|Any CPU
		{83DB1959-E883-4037-A4AF-402062657299}.Debug|Any CPU.ActiveCfg = Debug|Any CPU
		{83DB1959-E883-4037-A4AF-402062657299}.Debug|Any CPU.Build.0 = Debug|Any CPU
		{83DB1959-E883-4037-A4AF-402062657299}.Release|Any CPU.ActiveCfg = Release|Any CPU
		{83DB1959-E883-4037-A4AF-402062657299}.Release|Any CPU.Build.0 = Release|Any CPU
		{1070C069-6991-4D6D-ADA0-711D64AC3EC9}.Debug|Any CPU.ActiveCfg = Debug|Any CPU
		{1070C069-6991-4D6D-ADA0-711D64AC3EC9}.Debug|Any CPU.Build.0 = Debug|Any CPU
		{1070C069-6991-4D6D-ADA0-711D64AC3EC9}.Release|Any CPU.ActiveCfg = Release|Any CPU
		{1070C069-6991-4D6D-ADA0-711D64AC3EC9}.Release|Any CPU.Build.0 = Release|Any CPU
		{9AD2EB3B-8384-42B8-AFC8-C8F4DE047D7E}.Debug|Any CPU.ActiveCfg = Debug|Any CPU
		{9AD2EB3B-8384-42B8-AFC8-C8F4DE047D7E}.Debug|Any CPU.Build.0 = Debug|Any CPU
		{9AD2EB3B-8384-42B8-AFC8-C8F4DE047D7E}.Release|Any CPU.ActiveCfg = Release|Any CPU
		{9AD2EB3B-8384-42B8-AFC8-C8F4DE047D7E}.Release|Any CPU.Build.0 = Release|Any CPU
	EndGlobalSection
	GlobalSection(SolutionProperties) = preSolution
		HideSolutionNode = FALSE
	EndGlobalSection
	GlobalSection(NestedProjects) = preSolution
		{19A62AE5-CF1F-44DA-981B-819A7D3762FA} = {C1EE98F3-ADB1-4F40-A3D9-9B9EE0D23F53}
		{57E26168-9F3E-407C-951B-4B9675CFC174} = {C1EE98F3-ADB1-4F40-A3D9-9B9EE0D23F53}
		{DDB36C2C-1415-464B-B8B6-572FE2FAE913} = {C1EE98F3-ADB1-4F40-A3D9-9B9EE0D23F53}
		{83DB1959-E883-4037-A4AF-402062657299} = {82C75FB5-D14D-4D42-B94F-0016E514A23A}
		{1070C069-6991-4D6D-ADA0-711D64AC3EC9} = {82C75FB5-D14D-4D42-B94F-0016E514A23A}
		{9AD2EB3B-8384-42B8-AFC8-C8F4DE047D7E} = {C1EE98F3-ADB1-4F40-A3D9-9B9EE0D23F53}
	EndGlobalSection
	GlobalSection(ExtensibilityGlobals) = postSolution
		SolutionGuid = {BDC82931-BAE5-4F2B-8064-D1697C570B37}
	EndGlobalSection
EndGlobal
